
Microsoft Visual Studio Solution File, Format Version 12.00
# Visual Studio Version 17
VisualStudioVersion = 17.5.002.0
MinimumVisualStudioVersion = 10.0.40219.1
Project("{9A19103F-16F7-4668-BE54-9A1E7A4F7556}") = "Library", "Library\Library.csproj", "{C97BCB08-011C-4B2E-ACE0-C350449297B1}"
EndProject
Project("{9A19103F-16F7-4668-BE54-9A1E7A4F7556}") = "Program", "Program\Program.csproj", "{173D0F64-B571-4EA6-BBA1-296A3EFA9BFF}"
EndProject
Global
	GlobalSection(SolutionConfigurationPlatforms) = preSolution
		Debug|Any CPU = Debug|Any CPU
		Release|Any CPU = Release|Any CPU
	EndGlobalSection
	GlobalSection(ProjectConfigurationPlatforms) = postSolution
		{C97BCB08-011C-4B2E-ACE0-C350449297B1}.Debug|Any CPU.ActiveCfg = Debug|Any CPU
		{C97BCB08-011C-4B2E-ACE0-C350449297B1}.Debug|Any CPU.Build.0 = Debug|Any CPU
		{C97BCB08-011C-4B2E-ACE0-C350449297B1}.Release|Any CPU.ActiveCfg = Release|Any CPU
		{C97BCB08-011C-4B2E-ACE0-C350449297B1}.Release|Any CPU.Build.0 = Release|Any CPU
		{173D0F64-B571-4EA6-BBA1-296A3EFA9BFF}.Debug|Any CPU.ActiveCfg = Debug|Any CPU
		{173D0F64-B571-4EA6-BBA1-296A3EFA9BFF}.Debug|Any CPU.Build.0 = Debug|Any CPU
		{173D0F64-B571-4EA6-BBA1-296A3EFA9BFF}.Release|Any CPU.ActiveCfg = Release|Any CPU
		{173D0F64-B571-4EA6-BBA1-296A3EFA9BFF}.Release|Any CPU.Build.0 = Release|Any CPU
	EndGlobalSection
	GlobalSection(SolutionProperties) = preSolution
		HideSolutionNode = FALSE
	EndGlobalSection
	GlobalSection(ExtensibilityGlobals) = postSolution
		SolutionGuid = {E0E10E1E-7CDA-43C8-AD43-C1702916FF91}
	EndGlobalSection
EndGlobal
